Microsoft Visual Studio Solution File, Format Version 12.00
# Visual Studio Version 17
VisualStudioVersion = 17.5.2.0
MinimumVisualStudioVersion = 10.0.40219.1
Project("{FAE04EC0-301F-11D3-BF4B-00C04F79EFBC}") = "LicenseKeyApi", "LicenseKeyApi\LicenseKeyApi.csproj", "{9FE376A9-2F1B-776A-5FCB-4A9227A38782}"
EndProject
Global
	GlobalSection(SolutionConfigurationPlatforms) = preSolution
		Debug|Any CPU = Debug|Any CPU
		Release|Any CPU = Release|Any CPU
	EndGlobalSection
	GlobalSection(ProjectConfigurationPlatforms) = postSolution
		{9FE376A9-2F1B-776A-5FCB-4A9227A38782}.Debug|Any CPU.ActiveCfg = Debug|Any CPU
		{9FE376A9-2F1B-776A-5FCB-4A9227A38782}.Debug|Any CPU.Build.0 = Debug|Any CPU
		{9FE376A9-2F1B-776A-5FCB-4A9227A38782}.Release|Any CPU.ActiveCfg = Release|Any CPU
		{9FE376A9-2F1B-776A-5FCB-4A9227A38782}.Release|Any CPU.Build.0 = Release|Any CPU
	EndGlobalSection
	GlobalSection(SolutionProperties) = preSolution
		HideSolutionNode = FALSE
	EndGlobalSection
	GlobalSection(ExtensibilityGlobals) = postSolution
		SolutionGuid = {4C8D3996-77B5-481A-ADD7-1DF21E5CDFA6}
	EndGlobalSection
EndGlobal
